
Microsoft Visual Studio Solution File, Format Version 12.00
Project("{FAE04EC0-301F-11D3-BF4B-00C04F79EFBC}") = "DataFlowPipeline", "DataFlowPipeline\DataFlowPipeline.csproj", "{14F0558A-7645-489B-9467-9A5B4E19762A}"
EndProject
Global
	GlobalSection(SolutionConfigurationPlatforms) = preSolution
		Debug|Any CPU = Debug|Any CPU
		Release|Any CPU = Release|Any CPU
	EndGlobalSection
	GlobalSection(ProjectConfigurationPlatforms) = postSolution
		{14F0558A-7645-489B-9467-9A5B4E19762A}.Debug|Any CPU.ActiveCfg = Debug|Any CPU
		{14F0558A-7645-489B-9467-9A5B4E19762A}.Debug|Any CPU.Build.0 = Debug|Any CPU
		{14F0558A-7645-489B-9467-9A5B4E19762A}.Release|Any CPU.ActiveCfg = Release|Any CPU
		{14F0558A-7645-489B-9467-9A5B4E19762A}.Release|Any CPU.Build.0 = Release|Any CPU
	EndGlobalSection
EndGlobal
